// !$*UTF8*$!
{
	archiveVersion = 1;
	classes = {
	};
	objectVersion = 46;
	objects = {

/* Begin PBXBuildFile section */
		7CA190631C98F81500235C0D /* 222@2x.png in Resources */ = {isa = PBXBuildFile; fileRef = 7CA190621C98F81500235C0D /* 222@2x.png */; };
		7CA190691C9928F200235C0D /* NSString+Extension.m in Sources */ = {isa = PBXBuildFile; fileRef = 7CA190681C9928F200235C0D /* NSString+Extension.m */; };
		7CD3EFBD1C97CB2B00692116 /* main.m in Sources */ = {isa = PBXBuildFile; fileRef = 7CD3EFBC1C97CB2B00692116 /* main.m */; };
		7CD3EFC01C97CB2B00692116 /* AppDelegate.m in Sources */ = {isa = PBXBuildFile; fileRef = 7CD3EFBF1C97CB2B00692116 /* AppDelegate.m */; };
		7CD3EFC31C97CB2B00692116 /* ViewController.m in Sources */ = {isa = PBXBuildFile; fileRef = 7CD3EFC21C97CB2B00692116 /* ViewController.m */; };
		7CD3EFC61C97CB2B00692116 /* Main.storyboard in Resources */ = {isa = PBXBuildFile; fileRef = 7CD3EFC41C97CB2B00692116 /* Main.storyboard */; };
		7CD3EFC81C97CB2B00692116 /* Assets.xcassets in Resources */ = {isa = PBXBuildFile; fileRef = 7CD3EFC71C97CB2B00692116 /* Assets.xcassets */; };
		7CD3EFCB1C97CB2B00692116 /* LaunchScreen.storyboard in Resources */ = {isa = PBXBuildFile; fileRef = 7CD3EFC91C97CB2B00692116 /* LaunchScreen.storyboard */; };
		7CD3EFD61C97CB2C00692116 /* SelectCircleDemoTests.m in Sources */ = {isa = PBXBuildFile; fileRef = 7CD3EFD51C97CB2C00692116 /* SelectCircleDemoTests.m */; };
		7CD3EFE11C97CB2C00692116 /* SelectCircleDemoUITests.m in Sources */ = {isa = PBXBuildFile; fileRef = 7CD3EFE01C97CB2C00692116 /* SelectCircleDemoUITests.m */; };
		7CD3EFF01C97CB5C00692116 /* CircleSelectView.m in Sources */ = {isa = PBXBuildFile; fileRef = 7CD3EFEF1C97CB5C00692116 /* CircleSelectView.m */; };
/* End PBXBuildFile section */

/* Begin PBXContainerItemProxy section */
		7CD3EFD21C97CB2C00692116 /* PBXContainerItemProxy */ = {
			isa = PBXContainerItemProxy;
			containerPortal = 7CD3EFB01C97CB2B00692116 /* Project object */;
			proxyType = 1;
			remoteGlobalIDString = 7CD3EFB71C97CB2B00692116;
			remoteInfo = SelectCircleDemo;
		};
		7CD3EFDD1C97CB2C00692116 /* PBXContainerItemProxy */ = {
			isa = PBXContainerItemProxy;
			containerPortal = 7CD3EFB01C97CB2B00692116 /* Project object */;
			proxyType = 1;
			remoteGlobalIDString = 7CD3EFB71C97CB2B00692116;
			remoteInfo = SelectCircleDemo;
		};
/* End PBXContainerItemProxy section */

/* Begin PBXFileReference section */
		7CA190621C98F81500235C0D /* 222@2x.png */ = {isa = PBXFileReference; lastKnownFileType = image.png; path = "222@2x.png"; sourceTree = "<group>"; };
		7CA190671C9928F200235C0D /* NSString+Extension.h */ = {isa = PBXFileReference; fileEncoding = 4; lastKnownFileType = sourcecode.c.h; path = "NSString+Extension.h"; sourceTree = "<group>"; };
		7CA190681C9928F200235C0D /* NSString+Extension.m */ = {isa = PBXFileReference; fileEncoding = 4; lastKnownFileType = sourcecode.c.objc; path = "NSString+Extension.m"; sourceTree = "<group>"; };
		7CD3EFB81C97CB2B00692116 /* SelectCircleDemo.app */ = {isa = PBXFileReference; explicitFileType = wrapper.application; includeInIndex = 0; path = SelectCircleDemo.app; sourceTree = BUILT_PRODUCTS_DIR; };
		7CD3EFBC1C97CB2B00692116 /* main.m */ = {isa = PBXFileReference; lastKnownFileType = sourcecode.c.objc; path = main.m; sourceTree = "<group>"; };
		7CD3EFBE1C97CB2B00692116 /* AppDelegate.h */ = {isa = PBXFileReference; lastKnownFileType = sourcecode.c.h; path = AppDelegate.h; sourceTree = "<group>"; };
		7CD3EFBF1C97CB2B00692116 /* AppDelegate.m */ = {isa = PBXFileReference; lastKnownFileType = sourcecode.c.objc; path = AppDelegate.m; sourceTree = "<group>"; };
		7CD3EFC11C97CB2B00692116 /* ViewController.h */ = {isa = PBXFileReference; lastKnownFileType = sourcecode.c.h; path = ViewController.h; sourceTree = "<group>"; };
		7CD3EFC21C97CB2B00692116 /* ViewController.m */ = {isa = PBXFileReference; lastKnownFileType = sourcecode.c.objc; path = ViewController.m; sourceTree = "<group>"; };
		7CD3EFC51C97CB2B00692116 /* Base */ = {isa = PBXFileReference; lastKnownFileType = file.storyboard; name = Base; path = Base.lproj/Main.storyboard; sourceTree = "<group>"; };
		7CD3EFC71C97CB2B00692116 /* Assets.xcassets */ = {isa = PBXFileReference; lastKnownFileType = folder.assetcatalog; path = Assets.xcassets; sourceTree = "<group>"; };
		7CD3EFCA1C97CB2B00692116 /* Base */ = {isa = PBXFileReference; lastKnownFileType = file.storyboard; name = Base; path = Base.lproj/LaunchScreen.storyboard; sourceTree = "<group>"; };
		7CD3EFCC1C97CB2B00692116 /* Info.plist */ = {isa = PBXFileReference; lastKnownFileType = text.plist.xml; path = Info.plist; sourceTree = "<group>"; };
		7CD3EFD11C97CB2C00692116 /* SelectCircleDemoTests.xctest */ = {isa = PBXFileReference; explicitFileType = wrapper.cfbundle; includeInIndex = 0; path = SelectCircleDemoTests.xctest; sourceTree = BUILT_PRODUCTS_DIR; };
		7CD3EFD51C97CB2C00692116 /* SelectCircleDemoTests.m */ = {isa = PBXFileReference; lastKnownFileType = sourcecode.c.objc; path = SelectCircleDemoTests.m; sourceTree = "<group>"; };
		7CD3EFD71C97CB2C00692116 /* Info.plist */ = {isa = PBXFileReference; lastKnownFileType = text.plist.xml; path = Info.plist; sourceTree = "<group>"; };
		7CD3EFDC1C97CB2C00692116 /* SelectCircleDemoUITests.xctest */ = {isa = PBXFileReference; explicitFileType = wrapper.cfbundle; includeInIndex = 0; path = SelectCircleDemoUITests.xctest; sourceTree = BUILT_PRODUCTS_DIR; };
		7CD3EFE01C97CB2C00692116 /* SelectCircleDemoUITests.m */ = {isa = PBXFileReference; lastKnownFileType = sourcecode.c.objc; path = SelectCircleDemoUITests.m; sourceTree = "<group>"; };
		7CD3EFE21C97CB2C00692116 /* Info.plist */ = {isa = PBXFileReference; lastKnownFileType = text.plist.xml; path = Info.plist; sourceTree = "<group>"; };
		7CD3EFEE1C97CB5C00692116 /* CircleSelectView.h */ = {isa = PBXFileReference; fileEncoding = 4; lastKnownFileType = sourcecode.c.h; path = CircleSelectView.h; sourceTree = "<group>"; };
		7CD3EFEF1C97CB5C00692116 /* CircleSelectView.m */ = {isa = PBXFileReference; fileEncoding = 4; lastKnownFileType = sourcecode.c.objc; path = CircleSelectView.m; sourceTree = "<group>"; };
/* End PBXFileReference section */

/* Begin PBXFrameworksBuildPhase section */
		7CD3EFB51C97CB2B00692116 /* Frameworks */ = {
			isa = PBXFrameworksBuildPhase;
			buildActionMask = 2147483647;
			files = (
			);
			runOnlyForDeploymentPostprocessing = 0;
		};
		7CD3EFCE1C97CB2C00692116 /* Frameworks */ = {
			isa = PBXFrameworksBuildPhase;
			buildActionMask = 2147483647;
			files = (
			);
			runOnlyForDeploymentPostprocessing = 0;
		};
		7CD3EFD91C97CB2C00692116 /* Frameworks */ = {
			isa = PBXFrameworksBuildPhase;
			buildActionMask = 2147483647;
			files = (
			);
			runOnlyForDeploymentPostprocessing = 0;
		};
/* End PBXFrameworksBuildPhase section */

/* Begin PBXGroup section */
		7CD3EFAF1C97CB2B00692116 = {
			isa = PBXGroup;
			children = (
				7CD3EFBA1C97CB2B00692116 /* SelectCircleDemo */,
				7CD3EFD41C97CB2C00692116 /* SelectCircleDemoTests */,
				7CD3EFDF1C97CB2C00692116 /* SelectCircleDemoUITests */,
				7CD3EFB91C97CB2B00692116 /* Products */,
			);
			sourceTree = "<group>";
		};
		7CD3EFB91C97CB2B00692116 /* Products */ = {
			isa = PBXGroup;
			children = (
				7CD3EFB81C97CB2B00692116 /* SelectCircleDemo.app */,
				7CD3EFD11C97CB2C00692116 /* SelectCircleDemoTests.xctest */,
				7CD3EFDC1C97CB2C00692116 /* SelectCircleDemoUITests.xctest */,
			);
			name = Products;
			sourceTree = "<group>";
		};
		7CD3EFBA1C97CB2B00692116 /* SelectCircleDemo */ = {
			isa = PBXGroup;
			children = (
				7CD3EFBE1C97CB2B00692116 /* AppDelegate.h */,
				7CD3EFBF1C97CB2B00692116 /* AppDelegate.m */,
				7CD3EFC11C97CB2B00692116 /* ViewController.h */,
				7CD3EFC21C97CB2B00692116 /* ViewController.m */,
				7CD3EFEE1C97CB5C00692116 /* CircleSelectView.h */,
				7CD3EFEF1C97CB5C00692116 /* CircleSelectView.m */,
				7CA190671C9928F200235C0D /* NSString+Extension.h */,
				7CA190681C9928F200235C0D /* NSString+Extension.m */,
				7CD3EFC41C97CB2B00692116 /* Main.storyboard */,
				7CD3EFC71C97CB2B00692116 /* Assets.xcassets */,
				7CD3EFC91C97CB2B00692116 /* LaunchScreen.storyboard */,
				7CD3EFCC1C97CB2B00692116 /* Info.plist */,
				7CA190621C98F81500235C0D /* 222@2x.png */,
				7CD3EFBB1C97CB2B00692116 /* Supporting Files */,
			);
			path = SelectCircleDemo;
			sourceTree = "<group>";
		};
		7CD3EFBB1C97CB2B00692116 /* Supporting Files */ = {
			isa = PBXGroup;
			children = (
				7CD3EFBC1C97CB2B00692116 /* main.m */,
			);
			name = "Supporting Files";
			sourceTree = "<group>";
		};
		7CD3EFD41C97CB2C00692116 /* SelectCircleDemoTests */ = {
			isa = PBXGroup;
			children = (
				7CD3EFD51C97CB2C00692116 /* SelectCircleDemoTests.m */,
				7CD3EFD71C97CB2C00692116 /* Info.plist */,
			);
			path = SelectCircleDemoTests;
			sourceTree = "<group>";
		};
		7CD3EFDF1C97CB2C00692116 /* SelectCircleDemoUITests */ = {
			isa = PBXGroup;
			children = (
				7CD3EFE01C97CB2C00692116 /* SelectCircleDemoUITests.m */,
				7CD3EFE21C97CB2C00692116 /* Info.plist */,
			);
			path = SelectCircleDemoUITests;
			sourceTree = "<group>";
		};
/* End PBXGroup section */

/* Begin PBXNativeTarget section */
		7CD3EFB71C97CB2B00692116 /* SelectCircleDemo */ = {
			isa = PBXNativeTarget;
			buildConfigurationList = 7CD3EFE51C97CB2C00692116 /* Build configuration list for PBXNativeTarget "SelectCircleDemo" */;
			buildPhases = (
				7CD3EFB41C97CB2B00692116 /* Sources */,
				7CD3EFB51C97CB2B00692116 /* Frameworks */,
				7CD3EFB61C97CB2B00692116 /* Resources */,
			);
			buildRules = (
			);
			dependencies = (
			);
			name = SelectCircleDemo;
			productName = SelectCircleDemo;
			productReference = 7CD3EFB81C97CB2B00692116 /* SelectCircleDemo.app */;
			productType = "com.apple.product-type.application";
		};
		7CD3EFD01C97CB2C00692116 /* SelectCircleDemoTests */ = {
			isa = PBXNativeTarget;
			buildConfigurationList = 7CD3EFE81C97CB2C00692116 /* Build configuration list for PBXNativeTarget "SelectCircleDemoTests" */;
			buildPhases = (
				7CD3EFCD1C97CB2C00692116 /* Sources */,
				7CD3EFCE1C97CB2C00692116 /* Frameworks */,
				7CD3EFCF1C97CB2C00692116 /* Resources */,
			);
			buildRules = (
			);
			dependencies = (
				7CD3EFD31C97CB2C00692116 /* PBXTargetDependency */,
			);
			name = SelectCircleDemoTests;
			productName = SelectCircleDemoTests;
			productReference = 7CD3EFD11C97CB2C00692116 /* SelectCircleDemoTests.xctest */;
			productType = "com.apple.product-type.bundle.unit-test";
		};
		7CD3EFDB1C97CB2C00692116 /* SelectCircleDemoUITests */ = {
			isa = PBXNativeTarget;
			buildConfigurationList = 7CD3EFEB1C97CB2C00692116 /* Build configuration list for PBXNativeTarget "SelectCircleDemoUITests" */;
			buildPhases = (
				7CD3EFD81C97CB2C00692116 /* Sources */,
				7CD3EFD91C97CB2C00692116 /* Frameworks */,
				7CD3EFDA1C97CB2C00692116 /* Resources */,
			);
			buildRules = (
			);
			dependencies = (
				7CD3EFDE1C97CB2C00692116 /* PBXTargetDependency */,
			);
			name = SelectCircleDemoUITests;
			productName = SelectCircleDemoUITests;
			productReference = 7CD3EFDC1C97CB2C00692116 /* SelectCircleDemoUITests.xctest */;
			productType = "com.apple.product-type.bundle.ui-testing";
		};
/* End PBXNativeTarget section */

/* Begin PBXProject section */
		7CD3EFB01C97CB2B00692116 /* Project object */ = {
			isa = PBXProject;
			attributes = {
				LastUpgradeCheck = 0720;
				ORGANIZATIONNAME = huhaifeng;
				TargetAttributes = {
					7CD3EFB71C97CB2B00692116 = {
						CreatedOnToolsVersion = 7.2.1;
					};
					7CD3EFD01C97CB2C00692116 = {
						CreatedOnToolsVersion = 7.2.1;
						TestTargetID = 7CD3EFB71C97CB2B00692116;
					};
					7CD3EFDB1C97CB2C00692116 = {
						CreatedOnToolsVersion = 7.2.1;
						TestTargetID = 7CD3EFB71C97CB2B00692116;
					};
				};
			};
			buildConfigurationList = 7CD3EFB31C97CB2B00692116 /* Build configuration list for PBXProject "SelectCircleDemo" */;
			compatibilityVersion = "Xcode 3.2";
			developmentRegion = English;
			hasScannedForEncodings = 0;
			knownRegions = (
				en,
				Base,
			);
			mainGroup = 7CD3EFAF1C97CB2B00692116;
			productRefGroup = 7CD3EFB91C97CB2B00692116 /* Products */;
			projectDirPath = "";
			projectRoot = "";
			targets = (
				7CD3EFB71C97CB2B00692116 /* SelectCircleDemo */,
				7CD3EFD01C97CB2C00692116 /* SelectCircleDemoTests */,
				7CD3EFDB1C97CB2C00692116 /* SelectCircleDemoUITests */,
			);
		};
/* End PBXProject section */

/* Begin PBXResourcesBuildPhase section */
		7CD3EFB61C97CB2B00692116 /* Resources */ = {
			isa = PBXResourcesBuildPhase;
			buildActionMask = 2147483647;
			files = (
				7CD3EFCB1C97CB2B00692116 /* LaunchScreen.storyboard in Resources */,
				7CA190631C98F81500235C0D /* 222@2x.png in Resources */,
				7CD3EFC81C97CB2B00692116 /* Assets.xcassets in Resources */,
				7CD3EFC61C97CB2B00692116 /* Main.storyboard in Resources */,
			);
			runOnlyForDeploymentPostprocessing = 0;
		};
		7CD3EFCF1C97CB2C00692116 /* Resources */ = {
			isa = PBXResourcesBuildPhase;
			buildActionMask = 2147483647;
			files = (
			);
			runOnlyForDeploymentPostprocessing = 0;
		};
		7CD3EFDA1C97CB2C00692116 /* Resources */ = {
			isa = PBXResourcesBuildPhase;
			buildActionMask = 2147483647;
			files = (
			);
			runOnlyForDeploymentPostprocessing = 0;
		};
/* End PBXResourcesBuildPhase section */

/* Begin PBXSourcesBuildPhase section */
		7CD3EFB41C97CB2B00692116 /* Sources */ = {
			isa = PBXSourcesBuildPhase;
			buildActionMask = 2147483647;
			files = (
				7CA190691C9928F200235C0D /* NSString+Extension.m in Sources */,
				7CD3EFC31C97CB2B00692116 /* ViewController.m in Sources */,
				7CD3EFC01C97CB2B00692116 /* AppDelegate.m in Sources */,
				7CD3EFF01C97CB5C00692116 /* CircleSelectView.m in Sources */,
				7CD3EFBD1C97CB2B00692116 /* main.m in Sources */,
			);
			runOnlyForDeploymentPostprocessing = 0;
		};
		7CD3EFCD1C97CB2C00692116 /* Sources */ = {
			isa = PBXSourcesBuildPhase;
			buildActionMask = 2147483647;
			files = (
				7CD3EFD61C97CB2C00692116 /* SelectCircleDemoTests.m in Sources */,
			);
			runOnlyForDeploymentPostprocessing = 0;
		};
		7CD3EFD81C97CB2C00692116 /* Sources */ = {
			isa = PBXSourcesBuildPhase;
			buildActionMask = 2147483647;
			files = (
				7CD3EFE11C97CB2C00692116 /* SelectCircleDemoUITests.m in Sources */,
			);
			runOnlyForDeploymentPostprocessing = 0;
		};
/* End PBXSourcesBuildPhase section */

/* Begin PBXTargetDependency section */
		7CD3EFD31C97CB2C00692116 /* PBXTargetDependency */ = {
			isa = PBXTargetDependency;
			target = 7CD3EFB71C97CB2B00692116 /* SelectCircleDemo */;
			targetProxy = 7CD3EFD21C97CB2C00692116 /* PBXContainerItemProxy */;
		};
		7CD3EFDE1C97CB2C00692116 /* PBXTargetDependency */ = {
			isa = PBXTargetDependency;
			target = 7CD3EFB71C97CB2B00692116 /* SelectCircleDemo */;
			targetProxy = 7CD3EFDD1C97CB2C00692116 /* PBXContainerItemProxy */;
		};
/* End PBXTargetDependency section */

/* Begin PBXVariantGroup section */
		7CD3EFC41C97CB2B00692116 /* Main.storyboard */ = {
			isa = PBXVariantGroup;
			children = (
				7CD3EFC51C97CB2B00692116 /* Base */,
			);
			name = Main.storyboard;
			sourceTree = "<group>";
		};
		7CD3EFC91C97CB2B00692116 /* LaunchScreen.storyboard */ = {
			isa = PBXVariantGroup;
			children = (
				7CD3EFCA1C97CB2B00692116 /* Base */,
			);
			name = LaunchScreen.storyboard;
			sourceTree = "<group>";
		};
/* End PBXVariantGroup section */

/* Begin XCBuildConfiguration section */
		7CD3EFE31C97CB2C00692116 /* Debug */ = {
			isa = XCBuildConfiguration;
			buildSettings = {
				ALWAYS_SEARCH_USER_PATHS = NO;
				CLANG_CXX_LANGUAGE_STANDARD = "gnu++0x";
				CLANG_CXX_LIBRARY = "libc++";
				CLANG_ENABLE_MODULES = YES;
				CLANG_ENABLE_OBJC_ARC = YES;
				CLANG_WARN_BOOL_CONVERSION = YES;
				CLANG_WARN_CONSTANT_CONVERSION = YES;
				CLANG_WARN_DIRECT_OBJC_ISA_USAGE = YES_ERROR;
				CLANG_WARN_EMPTY_BODY = YES;
				CLANG_WARN_ENUM_CONVERSION = YES;
				CLANG_WARN_INT_CONVERSION = YES;
				CLANG_WARN_OBJC_ROOT_CLASS = YES_ERROR;
				CLANG_WARN_UNREACHABLE_CODE = YES;
				CLANG_WARN__DUPLICATE_METHOD_MATCH = YES;
				"CODE_SIGN_IDENTITY[sdk=iphoneos*]" = "iPhone Developer";
				COPY_PHASE_STRIP = NO;
				DEBUG_INFORMATION_FORMAT = dwarf;
				ENABLE_STRICT_OBJC_MSGSEND = YES;
				ENABLE_TESTABILITY = YES;
				GCC_C_LANGUAGE_STANDARD = gnu99;
				GCC_DYNAMIC_NO_PIC = NO;
				GCC_NO_COMMON_BLOCKS = YES;
				GCC_OPTIMIZATION_LEVEL = 0;
				GCC_PREPROCESSOR_DEFINITIONS = (
					"DEBUG=1",
					"$(inherited)",
				);
				GCC_WARN_64_TO_32_BIT_CONVERSION = YES;
				GCC_WARN_ABOUT_RETURN_TYPE = YES_ERROR;
				GCC_WARN_UNDECLARED_SELECTOR = YES;
				GCC_WARN_UNINITIALIZED_AUTOS = YES_AGGRESSIVE;
				GCC_WARN_UNUSED_FUNCTION = YES;
				GCC_WARN_UNUSED_VARIABLE = YES;
				IPHONEOS_DEPLOYMENT_TARGET = 9.2;
				MTL_ENABLE_DEBUG_INFO = YES;
				ONLY_ACTIVE_ARCH = YES;
				SDKROOT = iphoneos;
				TARGETED_DEVICE_FAMILY = "1,2";
			};
			name = Debug;
		};
		7CD3EFE41C97CB2C00692116 /* Release */ = {
			isa = XCBuildConfiguration;
			buildSettings = {
				ALWAYS_SEARCH_USER_PATHS = NO;
				CLANG_CXX_LANGUAGE_STANDARD = "gnu++0x";
				CLANG_CXX_LIBRARY = "libc++";
				CLANG_ENABLE_MODULES = YES;
				CLANG_ENABLE_OBJC_ARC = YES;
				CLANG_WARN_BOOL_CONVERSION = YES;
				CLANG_WARN_CONSTANT_CONVERSION = YES;
				CLANG_WARN_DIRECT_OBJC_ISA_USAGE = YES_ERROR;
				CLANG_WARN_EMPTY_BODY = YES;
				CLANG_WARN_ENUM_CONVERSION = YES;
				CLANG_WARN_INT_CONVERSION = YES;
				CLANG_WARN_OBJC_ROOT_CLASS = YES_ERROR;
				CLANG_WARN_UNREACHABLE_CODE = YES;
				CLANG_WARN__DUPLICATE_METHOD_MATCH = YES;
				"CODE_SIGN_IDENTITY[sdk=iphoneos*]" = "iPhone Developer";
				COPY_PHASE_STRIP = NO;
				DEBUG_INFORMATION_FORMAT = "dwarf-with-dsym";
				ENABLE_NS_ASSERTIONS = NO;
				ENABLE_STRICT_OBJC_MSGSEND = YES;
				GCC_C_LANGUAGE_STANDARD = gnu99;
				GCC_NO_COMMON_BLOCKS = YES;
				GCC_WARN_64_TO_32_BIT_CONVERSION = YES;
				GCC_WARN_ABOUT_RETURN_TYPE = YES_ERROR;
				GCC_WARN_UNDECLARED_SELECTOR = YES;
				GCC_WARN_UNINITIALIZED_AUTOS = YES_AGGRESSIVE;
				GCC_WARN_UNUSED_FUNCTION = YES;
				GCC_WARN_UNUSED_VARIABLE = YES;
				IPHONEOS_DEPLOYMENT_TARGET = 9.2;
				MTL_ENABLE_DEBUG_INFO = NO;
				SDKROOT = iphoneos;
				TARGETED_DEVICE_FAMILY = "1,2";
				VALIDATE_PRODUCT = YES;
			};
			name = Release;
		};
		7CD3EFE61C97CB2C00692116 /* Debug */ = {
			isa = XCBuildConfiguration;
			buildSettings = {
				ASSETCATALOG_COMPILER_APPICON_NAME = AppIcon;
				INFOPLIST_FILE = SelectCircleDemo/Info.plist;
				IPHONEOS_DEPLOYMENT_TARGET = 8.0;
				LD_RUNPATH_SEARCH_PATHS = "$(inherited) @executable_path/Frameworks";
				PRODUCT_BUNDLE_IDENTIFIER = com.iyoungsun.SelectCircleDemo;
				PRODUCT_NAME = "$(TARGET_NAME)";
			};
			name = Debug;
		};
		7CD3EFE71C97CB2C00692116 /* Release */ = {
			isa = XCBuildConfiguration;
			buildSettings = {
				ASSETCATALOG_COMPILER_APPICON_NAME = AppIcon;
				INFOPLIST_FILE = SelectCircleDemo/Info.plist;
				IPHONEOS_DEPLOYMENT_TARGET = 8.0;
				LD_RUNPATH_SEARCH_PATHS = "$(inherited) @executable_path/Frameworks";
				PRODUCT_BUNDLE_IDENTIFIER = com.iyoungsun.SelectCircleDemo;
				PRODUCT_NAME = "$(TARGET_NAME)";
			};
			name = Release;
		};
		7CD3EFE91C97CB2C00692116 /* Debug */ = {
			isa = XCBuildConfiguration;
			buildSettings = {
				BUNDLE_LOADER = "$(TEST_HOST)";
				INFOPLIST_FILE = SelectCircleDemoTests/Info.plist;
				LD_RUNPATH_SEARCH_PATHS = "$(inherited) @executable_path/Frameworks @loader_path/Frameworks";
				PRODUCT_BUNDLE_IDENTIFIER = com.iyoungsun.SelectCircleDemoTests;
				PRODUCT_NAME = "$(TARGET_NAME)";
				TEST_HOST = "$(BUILT_PRODUCTS_DIR)/SelectCircleDemo.app/SelectCircleDemo";
			};
			name = Debug;
		};
		7CD3EFEA1C97CB2C00692116 /* Release */ = {
			isa = XCBuildConfiguration;
			buildSettings = {
				BUNDLE_LOADER = "$(TEST_HOST)";
				INFOPLIST_FILE = SelectCircleDemoTests/Info.plist;
				LD_RUNPATH_SEARCH_PATHS = "$(inherited) @executable_path/Frameworks @loader_path/Frameworks";
				PRODUCT_BUNDLE_IDENTIFIER = com.iyoungsun.SelectCircleDemoTests;
				PRODUCT_NAME = "$(TARGET_NAME)";
				TEST_HOST = "$(BUILT_PRODUCTS_DIR)/SelectCircleDemo.app/SelectCircleDemo";
			};
			name = Release;
		};
		7CD3EFEC1C97CB2C00692116 /* Debug */ = {
			isa = XCBuildConfiguration;
			buildSettings = {
				INFOPLIST_FILE = SelectCircleDemoUITests/Info.plist;
				LD_RUNPATH_SEARCH_PATHS = "$(inherited) @executable_path/Frameworks @loader_path/Frameworks";
				PRODUCT_BUNDLE_IDENTIFIER = com.iyoungsun.SelectCircleDemoUITests;
				PRODUCT_NAME = "$(TARGET_NAME)";
				TEST_TARGET_NAME = SelectCircleDemo;
				USES_XCTRUNNER = YES;
			};
			name = Debug;
		};
		7CD3EFED1C97CB2C00692116 /* Release */ = {
			isa = XCBuildConfiguration;
			buildSettings = {
				INFOPLIST_FILE = SelectCircleDemoUITests/Info.plist;
				LD_RUNPATH_SEARCH_PATHS = "$(inherited) @executable_path/Frameworks @loader_path/Frameworks";
				PRODUCT_BUNDLE_IDENTIFIER = com.iyoungsun.SelectCircleDemoUITests;
				PRODUCT_NAME = "$(TARGET_NAME)";
				TEST_TARGET_NAME = SelectCircleDemo;
				USES_XCTRUNNER = YES;
			};
			name = Release;
		};
/* End XCBuildConfiguration section */

/* Begin XCConfigurationList section */
		7CD3EFB31C97CB2B00692116 /* Build configuration list for PBXProject "SelectCircleDemo" */ = {
			isa = XCConfigurationList;
			buildConfigurations = (
				7CD3EFE31C97CB2C00692116 /* Debug */,
				7CD3EFE41C97CB2C00692116 /* Release */,
			);
			defaultConfigurationIsVisible = 0;
			defaultConfigurationName = Release;
		};
		7CD3EFE51C97CB2C00692116 /* Build configuration list for PBXNativeTarget "SelectCircleDemo" */ = {
			isa = XCConfigurationList;
			buildConfigurations = (
				7CD3EFE61C97CB2C00692116 /* Debug */,
				7CD3EFE71C97CB2C00692116 /* Release */,
			);
			defaultConfigurationIsVisible = 0;
			defaultConfigurationName = Release;
		};
		7CD3EFE81C97CB2C00692116 /* Build configuration list for PBXNativeTarget "SelectCircleDemoTests" */ = {
			isa = XCConfigurationList;
			buildConfigurations = (
				7CD3EFE91C97CB2C00692116 /* Debug */,
				7CD3EFEA1C97CB2C00692116 /* Release */,
			);
			defaultConfigurationIsVisible = 0;
			defaultConfigurationName = Release;
		};
		7CD3EFEB1C97CB2C00692116 /* Build configuration list for PBXNativeTarget "SelectCircleDemoUITests" */ = {
			isa = XCConfigurationList;
			buildConfigurations = (
				7CD3EFEC1C97CB2C00692116 /* Debug */,
				7CD3EFED1C97CB2C00692116 /* Release */,
			);
			defaultConfigurationIsVisible = 0;
			defaultConfigurationName = Release;
		};
/* End XCConfigurationList section */
	};
	rootObject = 7CD3EFB01C97CB2B00692116 /* Project object */;
}
